
Microsoft Visual Studio Solution File, Format Version 12.00
# Visual Studio Version 17
VisualStudioVersion = 17.4.33213.308
MinimumVisualStudioVersion = 10.0.40219.1
Project("{FAE04EC0-301F-11D3-BF4B-00C04F79EFBC}") = "task", "task\task.csproj", "{3A3164EA-6949-4839-B59E-D6ACB07CBD80}"
EndProject
Global
	GlobalSection(SolutionConfigurationPlatforms) = preSolution
		Debug|Any CPU = Debug|Any CPU
		Release|Any CPU = Release|Any CPU
	EndGlobalSection
	GlobalSection(ProjectConfigurationPlatforms) = postSolution
		{3A3164EA-6949-4839-B59E-D6ACB07CBD80}.Debug|Any CPU.ActiveCfg = Debug|Any CPU
		{3A3164EA-6949-4839-B59E-D6ACB07CBD80}.Debug|Any CPU.Build.0 = Debug|Any CPU
		{3A3164EA-6949-4839-B59E-D6ACB07CBD80}.Release|Any CPU.ActiveCfg = Release|Any CPU
		{3A3164EA-6949-4839-B59E-D6ACB07CBD80}.Release|Any CPU.Build.0 = Release|Any CPU
	EndGlobalSection
	GlobalSection(SolutionProperties) = preSolution
		HideSolutionNode = FALSE
	EndGlobalSection
	GlobalSection(ExtensibilityGlobals) = postSolution
		SolutionGuid = {348F8D24-4D58-4A2A-92B7-1680CD6F5527}
	EndGlobalSection
EndGlobal
